// !$*UTF8*$!
{
	archiveVersion = 1;
	classes = {
	};
	objectVersion = 60;
	objects = {

/* Begin PBXBuildFile section */
		B40F88E02C6728B100F28DD0 /* RealityKitContent in Frameworks */ = {isa = PBXBuildFile; productRef = B40F88DF2C6728B100F28DD0 /* RealityKitContent */; };
		B40F88E22C6728B100F28DD0 /* StereoImagesApp.swift in Sources */ = {isa = PBXBuildFile; fileRef = B40F88E12C6728B100F28DD0 /* StereoImagesApp.swift */; };
		B40F88E42C6728B100F28DD0 /* ContentView.swift in Sources */ = {isa = PBXBuildFile; fileRef = B40F88E32C6728B100F28DD0 /* ContentView.swift */; };
		B40F88E62C6728B200F28DD0 /* Assets.xcassets in Resources */ = {isa = PBXBuildFile; fileRef = B40F88E52C6728B200F28DD0 /* Assets.xcassets */; };
		B40F88E92C6728B200F28DD0 /* Preview Assets.xcassets in Resources */ = {isa = PBXBuildFile; fileRef = B40F88E82C6728B200F28DD0 /* Preview Assets.xcassets */; };
		B40F88F12C6728C800F28DD0 /* DoubleEye in Resources */ = {isa = PBXBuildFile; fileRef = B40F88F02C6728C800F28DD0 /* DoubleEye */; };
		B40F88F42C6728E400F28DD0 /* DoubleEye in Frameworks */ = {isa = PBXBuildFile; productRef = B40F88F32C6728E400F28DD0 /* DoubleEye */; };
/* End PBXBuildFile section */

/* Begin PBXFileReference section */
		B40F88DA2C6728B100F28DD0 /* StereoImages.app */ = {isa = PBXFileReference; explicitFileType = wrapper.application; includeInIndex = 0; path = StereoImages.app; sourceTree = BUILT_PRODUCTS_DIR; };
		B40F88DE2C6728B100F28DD0 /* RealityKitContent */ = {isa = PBXFileReference; lastKnownFileType = wrapper; path = RealityKitContent; sourceTree = "<group>"; };
		B40F88E12C6728B100F28DD0 /* StereoImagesApp.swift */ = {isa = PBXFileReference; lastKnownFileType = sourcecode.swift; path = StereoImagesApp.swift; sourceTree = "<group>"; };
		B40F88E32C6728B100F28DD0 /* ContentView.swift */ = {isa = PBXFileReference; lastKnownFileType = sourcecode.swift; path = ContentView.swift; sourceTree = "<group>"; };
		B40F88E52C6728B200F28DD0 /* Assets.xcassets */ = {isa = PBXFileReference; lastKnownFileType = folder.assetcatalog; path = Assets.xcassets; sourceTree = "<group>"; };
		B40F88E82C6728B200F28DD0 /* Preview Assets.xcassets */ = {isa = PBXFileReference; lastKnownFileType = folder.assetcatalog; path = "Preview Assets.xcassets"; sourceTree = "<group>"; };
		B40F88EA2C6728B200F28DD0 /* Info.plist */ = {isa = PBXFileReference; lastKnownFileType = text.plist.xml; path = Info.plist; sourceTree = "<group>"; };
		B40F88F02C6728C800F28DD0 /* DoubleEye */ = {isa = PBXFileReference; lastKnownFileType = wrapper; path = DoubleEye; sourceTree = "<group>"; };
/* End PBXFileReference section */

/* Begin PBXFrameworksBuildPhase section */
		B40F88D72C6728B100F28DD0 /* Frameworks */ = {
			isa = PBXFrameworksBuildPhase;
			buildActionMask = 2147483647;
			files = (
				B40F88E02C6728B100F28DD0 /* RealityKitContent in Frameworks */,
				B40F88F42C6728E400F28DD0 /* DoubleEye in Frameworks */,
			);
			runOnlyForDeploymentPostprocessing = 0;
		};
/* End PBXFrameworksBuildPhase section */

/* Begin PBXGroup section */
		B40F88D12C6728B100F28DD0 = {
			isa = PBXGroup;
			children = (
				B40F88DC2C6728B100F28DD0 /* StereoImages */,
				B40F88DD2C6728B100F28DD0 /* Packages */,
				B40F88DB2C6728B100F28DD0 /* Products */,
				B40F88F22C6728E400F28DD0 /* Frameworks */,
			);
			sourceTree = "<group>";
		};
		B40F88DB2C6728B100F28DD0 /* Products */ = {
			isa = PBXGroup;
			children = (
				B40F88DA2C6728B100F28DD0 /* StereoImages.app */,
			);
			name = Products;
			sourceTree = "<group>";
		};
		B40F88DC2C6728B100F28DD0 /* StereoImages */ = {
			isa = PBXGroup;
			children = (
				B40F88E12C6728B100F28DD0 /* StereoImagesApp.swift */,
				B40F88E32C6728B100F28DD0 /* ContentView.swift */,
				B40F88E52C6728B200F28DD0 /* Assets.xcassets */,
				B40F88EA2C6728B200F28DD0 /* Info.plist */,
				B40F88E72C6728B200F28DD0 /* Preview Content */,
			);
			path = StereoImages;
			sourceTree = "<group>";
		};
		B40F88DD2C6728B100F28DD0 /* Packages */ = {
			isa = PBXGroup;
			children = (
				B40F88F02C6728C800F28DD0 /* DoubleEye */,
				B40F88DE2C6728B100F28DD0 /* RealityKitContent */,
			);
			path = Packages;
			sourceTree = "<group>";
		};
		B40F88E72C6728B200F28DD0 /* Preview Content */ = {
			isa = PBXGroup;
			children = (
				B40F88E82C6728B200F28DD0 /* Preview Assets.xcassets */,
			);
			path = "Preview Content";
			sourceTree = "<group>";
		};
		B40F88F22C6728E400F28DD0 /* Frameworks */ = {
			isa = PBXGroup;
			children = (
			);
			name = Frameworks;
			sourceTree = "<group>";
		};
/* End PBXGroup section */

/* Begin PBXNativeTarget section */
		B40F88D92C6728B100F28DD0 /* StereoImages */ = {
			isa = PBXNativeTarget;
			buildConfigurationList = B40F88ED2C6728B200F28DD0 /* Build configuration list for PBXNativeTarget "StereoImages" */;
			buildPhases = (
				B40F88D62C6728B100F28DD0 /* Sources */,
				B40F88D72C6728B100F28DD0 /* Frameworks */,
				B40F88D82C6728B100F28DD0 /* Resources */,
			);
			buildRules = (
			);
			dependencies = (
			);
			name = StereoImages;
			packageProductDependencies = (
				B40F88DF2C6728B100F28DD0 /* RealityKitContent */,
				B40F88F32C6728E400F28DD0 /* DoubleEye */,
			);
			productName = StereoImages;
			productReference = B40F88DA2C6728B100F28DD0 /* StereoImages.app */;
			productType = "com.apple.product-type.application";
		};
/* End PBXNativeTarget section */

/* Begin PBXProject section */
		B40F88D22C6728B100F28DD0 /* Project object */ = {
			isa = PBXProject;
			attributes = {
				BuildIndependentTargetsInParallel = 1;
				LastSwiftUpdateCheck = 1600;
				LastUpgradeCheck = 1600;
				TargetAttributes = {
					B40F88D92C6728B100F28DD0 = {
						CreatedOnToolsVersion = 16.0;
					};
				};
			};
			buildConfigurationList = B40F88D52C6728B100F28DD0 /* Build configuration list for PBXProject "StereoImages" */;
			compatibilityVersion = "Xcode 15.0";
			developmentRegion = en;
			hasScannedForEncodings = 0;
			knownRegions = (
				en,
				Base,
			);
			mainGroup = B40F88D12C6728B100F28DD0;
			productRefGroup = B40F88DB2C6728B100F28DD0 /* Products */;
			projectDirPath = "";
			projectRoot = "";
			targets = (
				B40F88D92C6728B100F28DD0 /* StereoImages */,
			);
		};
/* End PBXProject section */

/* Begin PBXResourcesBuildPhase section */
		B40F88D82C6728B100F28DD0 /* Resources */ = {
			isa = PBXResourcesBuildPhase;
			buildActionMask = 2147483647;
			files = (
				B40F88E92C6728B200F28DD0 /* Preview Assets.xcassets in Resources */,
				B40F88E62C6728B200F28DD0 /* Assets.xcassets in Resources */,
				B40F88F12C6728C800F28DD0 /* DoubleEye in Resources */,
			);
			runOnlyForDeploymentPostprocessing = 0;
		};
/* End PBXResourcesBuildPhase section */

/* Begin PBXSourcesBuildPhase section */
		B40F88D62C6728B100F28DD0 /* Sources */ = {
			isa = PBXSourcesBuildPhase;
			buildActionMask = 2147483647;
			files = (
				B40F88E42C6728B100F28DD0 /* ContentView.swift in Sources */,
				B40F88E22C6728B100F28DD0 /* StereoImagesApp.swift in Sources */,
			);
			runOnlyForDeploymentPostprocessing = 0;
		};
/* End PBXSourcesBuildPhase section */

/* Begin XCBuildConfiguration section */
		B40F88EB2C6728B200F28DD0 /* Debug */ = {
			isa = XCBuildConfiguration;
			buildSettings = {
				ALWAYS_SEARCH_USER_PATHS = NO;
				ASSETCATALOG_COMPILER_GENERATE_SWIFT_ASSET_SYMBOL_EXTENSIONS = YES;
				CLANG_ANALYZER_NONNULL = YES;
				CLANG_ANALYZER_NUMBER_OBJECT_CONVERSION = YES_AGGRESSIVE;
				CLANG_CXX_LANGUAGE_STANDARD = "gnu++20";
				CLANG_ENABLE_MODULES = YES;
				CLANG_ENABLE_OBJC_ARC = YES;
				CLANG_ENABLE_OBJC_WEAK = YES;
				CLANG_WARN_BLOCK_CAPTURE_AUTORELEASING = YES;
				CLANG_WARN_BOOL_CONVERSION = YES;
				CLANG_WARN_COMMA = YES;
				CLANG_WARN_CONSTANT_CONVERSION = YES;
				CLANG_WARN_DEPRECATED_OBJC_IMPLEMENTATIONS = YES;
				CLANG_WARN_DIRECT_OBJC_ISA_USAGE = YES_ERROR;
				CLANG_WARN_DOCUMENTATION_COMMENTS = YES;
				CLANG_WARN_EMPTY_BODY = YES;
				CLANG_WARN_ENUM_CONVERSION = YES;
				CLANG_WARN_INFINITE_RECURSION = YES;
				CLANG_WARN_INT_CONVERSION = YES;
				CLANG_WARN_NON_LITERAL_NULL_CONVERSION = YES;
				CLANG_WARN_OBJC_IMPLICIT_RETAIN_SELF = YES;
				CLANG_WARN_OBJC_LITERAL_CONVERSION = YES;
				CLANG_WARN_OBJC_ROOT_CLASS = YES_ERROR;
				CLANG_WARN_QUOTED_INCLUDE_IN_FRAMEWORK_HEADER = YES;
				CLANG_WARN_RANGE_LOOP_ANALYSIS = YES;
				CLANG_WARN_STRICT_PROTOTYPES = YES;
				CLANG_WARN_SUSPICIOUS_MOVE = YES;
				CLANG_WARN_UNGUARDED_AVAILABILITY = YES_AGGRESSIVE;
				CLANG_WARN_UNREACHABLE_CODE = YES;
				CLANG_WARN__DUPLICATE_METHOD_MATCH = YES;
				COPY_PHASE_STRIP = NO;
				DEBUG_INFORMATION_FORMAT = dwarf;
				ENABLE_STRICT_OBJC_MSGSEND = YES;
				ENABLE_TESTABILITY = YES;
				ENABLE_USER_SCRIPT_SANDBOXING = YES;
				GCC_C_LANGUAGE_STANDARD = gnu17;
				GCC_DYNAMIC_NO_PIC = NO;
				GCC_NO_COMMON_BLOCKS = YES;
				GCC_OPTIMIZATION_LEVEL = 0;
				GCC_PREPROCESSOR_DEFINITIONS = (
					"DEBUG=1",
					"$(inherited)",
				);
				GCC_WARN_64_TO_32_BIT_CONVERSION = YES;
				GCC_WARN_ABOUT_RETURN_TYPE = YES_ERROR;
				GCC_WARN_UNDECLARED_SELECTOR = YES;
				GCC_WARN_UNINITIALIZED_AUTOS = YES_AGGRESSIVE;
				GCC_WARN_UNUSED_FUNCTION = YES;
				GCC_WARN_UNUSED_VARIABLE = YES;
				LOCALIZATION_PREFERS_STRING_CATALOGS = YES;
				MTL_ENABLE_DEBUG_INFO = INCLUDE_SOURCE;
				MTL_FAST_MATH = YES;
				ONLY_ACTIVE_ARCH = YES;
				SDKROOT = xros;
				SWIFT_ACTIVE_COMPILATION_CONDITIONS = "DEBUG $(inherited)";
				SWIFT_OPTIMIZATION_LEVEL = "-Onone";
				XROS_DEPLOYMENT_TARGET = 2.0;
			};
			name = Debug;
		};
		B40F88EC2C6728B200F28DD0 /* Release */ = {
			isa = XCBuildConfiguration;
			buildSettings = {
				ALWAYS_SEARCH_USER_PATHS = NO;
				ASSETCATALOG_COMPILER_GENERATE_SWIFT_ASSET_SYMBOL_EXTENSIONS = YES;
				CLANG_ANALYZER_NONNULL = YES;
				CLANG_ANALYZER_NUMBER_OBJECT_CONVERSION = YES_AGGRESSIVE;
				CLANG_CXX_LANGUAGE_STANDARD = "gnu++20";
				CLANG_ENABLE_MODULES = YES;
				CLANG_ENABLE_OBJC_ARC = YES;
				CLANG_ENABLE_OBJC_WEAK = YES;
				CLANG_WARN_BLOCK_CAPTURE_AUTORELEASING = YES;
				CLANG_WARN_BOOL_CONVERSION = YES;
				CLANG_WARN_COMMA = YES;
				CLANG_WARN_CONSTANT_CONVERSION = YES;
				CLANG_WARN_DEPRECATED_OBJC_IMPLEMENTATIONS = YES;
				CLANG_WARN_DIRECT_OBJC_ISA_USAGE = YES_ERROR;
				CLANG_WARN_DOCUMENTATION_COMMENTS = YES;
				CLANG_WARN_EMPTY_BODY = YES;
				CLANG_WARN_ENUM_CONVERSION = YES;
				CLANG_WARN_INFINITE_RECURSION = YES;
				CLANG_WARN_INT_CONVERSION = YES;
				CLANG_WARN_NON_LITERAL_NULL_CONVERSION = YES;
				CLANG_WARN_OBJC_IMPLICIT_RETAIN_SELF = YES;
				CLANG_WARN_OBJC_LITERAL_CONVERSION = YES;
				CLANG_WARN_OBJC_ROOT_CLASS = YES_ERROR;
				CLANG_WARN_QUOTED_INCLUDE_IN_FRAMEWORK_HEADER = YES;
				CLANG_WARN_RANGE_LOOP_ANALYSIS = YES;
				CLANG_WARN_STRICT_PROTOTYPES = YES;
				CLANG_WARN_SUSPICIOUS_MOVE = YES;
				CLANG_WARN_UNGUARDED_AVAILABILITY = YES_AGGRESSIVE;
				CLANG_WARN_UNREACHABLE_CODE = YES;
				CLANG_WARN__DUPLICATE_METHOD_MATCH = YES;
				COPY_PHASE_STRIP = NO;
				DEBUG_INFORMATION_FORMAT = "dwarf-with-dsym";
				ENABLE_NS_ASSERTIONS = NO;
				ENABLE_STRICT_OBJC_MSGSEND = YES;
				ENABLE_USER_SCRIPT_SANDBOXING = YES;
				GCC_C_LANGUAGE_STANDARD = gnu17;
				GCC_NO_COMMON_BLOCKS = YES;
				GCC_WARN_64_TO_32_BIT_CONVERSION = YES;
				GCC_WARN_ABOUT_RETURN_TYPE = YES_ERROR;
				GCC_WARN_UNDECLARED_SELECTOR = YES;
				GCC_WARN_UNINITIALIZED_AUTOS = YES_AGGRESSIVE;
				GCC_WARN_UNUSED_FUNCTION = YES;
				GCC_WARN_UNUSED_VARIABLE = YES;
				LOCALIZATION_PREFERS_STRING_CATALOGS = YES;
				MTL_ENABLE_DEBUG_INFO = NO;
				MTL_FAST_MATH = YES;
				SDKROOT = xros;
				SWIFT_COMPILATION_MODE = wholemodule;
				VALIDATE_PRODUCT = YES;
				XROS_DEPLOYMENT_TARGET = 2.0;
			};
			name = Release;
		};
		B40F88EE2C6728B200F28DD0 /* Debug */ = {
			isa = XCBuildConfiguration;
			buildSettings = {
				ASSETCATALOG_COMPILER_APPICON_NAME = AppIcon;
				ASSETCATALOG_COMPILER_GLOBAL_ACCENT_COLOR_NAME = AccentColor;
				CODE_SIGN_STYLE = Automatic;
				CURRENT_PROJECT_VERSION = 1;
				DEVELOPMENT_ASSET_PATHS = "\"StereoImages/Preview Content\"";
				DEVELOPMENT_TEAM = Y9Y97FRR32;
				ENABLE_PREVIEWS = YES;
				GENERATE_INFOPLIST_FILE = YES;
				INFOPLIST_FILE = "$(TARGET_NAME)/Info.plist";
				LD_RUNPATH_SEARCH_PATHS = (
					"$(inherited)",
					"@executable_path/Frameworks",
				);
				MARKETING_VERSION = 1.0;
				PRODUCT_BUNDLE_IDENTIFIER = com.kaili.StereoImages;
				PRODUCT_NAME = "$(TARGET_NAME)";
				SUPPORTED_PLATFORMS = "xros xrsimulator";
				SWIFT_EMIT_LOC_STRINGS = YES;
				SWIFT_VERSION = 5.0;
				TARGETED_DEVICE_FAMILY = 7;
			};
			name = Debug;
		};
		B40F88EF2C6728B200F28DD0 /* Release */ = {
			isa = XCBuildConfiguration;
			buildSettings = {
				ASSETCATALOG_COMPILER_APPICON_NAME = AppIcon;
				ASSETCATALOG_COMPILER_GLOBAL_ACCENT_COLOR_NAME = AccentColor;
				CODE_SIGN_STYLE = Automatic;
				CURRENT_PROJECT_VERSION = 1;
				DEVELOPMENT_ASSET_PATHS = "\"StereoImages/Preview Content\"";
				DEVELOPMENT_TEAM = Y9Y97FRR32;
				ENABLE_PREVIEWS = YES;
				GENERATE_INFOPLIST_FILE = YES;
				INFOPLIST_FILE = "$(TARGET_NAME)/Info.plist";
				LD_RUNPATH_SEARCH_PATHS = (
					"$(inherited)",
					"@executable_path/Frameworks",
				);
				MARKETING_VERSION = 1.0;
				PRODUCT_BUNDLE_IDENTIFIER = com.kaili.StereoImages;
				PRODUCT_NAME = "$(TARGET_NAME)";
				SUPPORTED_PLATFORMS = "xros xrsimulator";
				SWIFT_EMIT_LOC_STRINGS = YES;
				SWIFT_VERSION = 5.0;
				TARGETED_DEVICE_FAMILY = 7;
			};
			name = Release;
		};
/* End XCBuildConfiguration section */

/* Begin XCConfigurationList section */
		B40F88D52C6728B100F28DD0 /* Build configuration list for PBXProject "StereoImages" */ = {
			isa = XCConfigurationList;
			buildConfigurations = (
				B40F88EB2C6728B200F28DD0 /* Debug */,
				B40F88EC2C6728B200F28DD0 /* Release */,
			);
			defaultConfigurationIsVisible = 0;
			defaultConfigurationName = Release;
		};
		B40F88ED2C6728B200F28DD0 /* Build configuration list for PBXNativeTarget "StereoImages" */ = {
			isa = XCConfigurationList;
			buildConfigurations = (
				B40F88EE2C6728B200F28DD0 /* Debug */,
				B40F88EF2C6728B200F28DD0 /* Release */,
			);
			defaultConfigurationIsVisible = 0;
			defaultConfigurationName = Release;
		};
/* End XCConfigurationList section */

/* Begin XCSwiftPackageProductDependency section */
		B40F88DF2C6728B100F28DD0 /* RealityKitContent */ = {
			isa = XCSwiftPackageProductDependency;
			productName = RealityKitContent;
		};
		B40F88F32C6728E400F28DD0 /* DoubleEye */ = {
			isa = XCSwiftPackageProductDependency;
			productName = DoubleEye;
		};
/* End XCSwiftPackageProductDependency section */
	};
	rootObject = B40F88D22C6728B100F28DD0 /* Project object */;
}
